
Microsoft Visual Studio Solution File, Format Version 12.00
# Visual Studio Version 16
VisualStudioVersion = 16.0.32106.194
MinimumVisualStudioVersion = 10.0.40219.1
Project("{FAE04EC0-301F-11D3-BF4B-00C04F79EFBC}") = "CalculatorProject", "CalculatorProject.csproj", "{328EE8BB-F2B5-48EE-9B27-CA8A888F3755}"
EndProject
Global
	GlobalSection(SolutionConfigurationPlatforms) = preSolution
		Debug|Any CPU = Debug|Any CPU
		Release|Any CPU = Release|Any CPU
	EndGlobalSection
	GlobalSection(ProjectConfigurationPlatforms) = postSolution
		{328EE8BB-F2B5-48EE-9B27-CA8A888F3755}.Debug|Any CPU.ActiveCfg = Debug|Any CPU
		{328EE8BB-F2B5-48EE-9B27-CA8A888F3755}.Debug|Any CPU.Build.0 = Debug|Any CPU
		{328EE8BB-F2B5-48EE-9B27-CA8A888F3755}.Release|Any CPU.ActiveCfg = Release|Any CPU
		{328EE8BB-F2B5-48EE-9B27-CA8A888F3755}.Release|Any CPU.Build.0 = Release|Any CPU
	EndGlobalSection
	GlobalSection(SolutionProperties) = preSolution
		HideSolutionNode = FALSE
	EndGlobalSection
	GlobalSection(ExtensibilityGlobals) = postSolution
		SolutionGuid = {E2E54B28-E28E-4994-8375-886421AA87DE}
	EndGlobalSection
EndGlobal
